{
  "pins" : [
    {
      "identity" : "appupdater",
      "kind" : "remoteSourceControl",
      "location" : "https://github.com/mxcl/AppUpdater.git",
      "state" : {
        "revision" : "1b60169700489f16cfbe2feb6b1e32ca5c9464b8",
        "version" : "1.1.1"
      }
    },
    {
      "identity" : "dynamicnotchkit",
      "kind" : "remoteSourceControl",
      "location" : "https://github.com/MrKai77/DynamicNotchKit",
      "state" : {
        "revision" : "3c405930fd4d9f8498303683f32492c26d3a9b2b",
        "version" : "1.0.0"
      }
    },
    {
      "identity" : "fluidaudio",
      "kind" : "remoteSourceControl",
      "location" : "https://github.com/FluidInference/FluidAudio",
      "state" : {
        "revision" : "47552dde26f79b880efff2f23ad4dab55aa914ca",
        "version" : "0.8.1"
      }
    },
    {
      "identity" : "foundation",
      "kind" : "remoteSourceControl",
      "location" : "https://github.com/PromiseKit/Foundation",
      "state" : {
        "revision" : "985f17fa69ee0e5b7eb3ff9be87ffc4e05fc0927",
        "version" : "3.4.0"
      }
    },
    {
      "identity" : "path.swift",
      "kind" : "remoteSourceControl",
      "location" : "https://github.com/mxcl/Path.swift",
      "state" : {
        "revision" : "8e355c28e9393c42e58b18c54cace2c42c98a616",
        "version" : "1.4.1"
      }
    },
    {
      "identity" : "posthog-ios",
      "kind" : "remoteSourceControl",
      "location" : "https://github.com/PostHog/posthog-ios.git",
      "state" : {
        "revision" : "cfbae6be113616156e6840dbfb61d59593ea1db5",
        "version" : "3.36.2"
      }
    },
    {
      "identity" : "promisekit",
      "kind" : "remoteSourceControl",
      "location" : "https://github.com/mxcl/PromiseKit.git",
      "state" : {
        "revision" : "8a98e31a47854d3180882c8068cc4d9381bf382d",
        "version" : "6.22.1"
      }
    },
    {
      "identity" : "swiftwhisper",
      "kind" : "remoteSourceControl",
      "location" : "https://github.com/exPHAT/SwiftWhisper.git",
      "state" : {
        "branch" : "master",
        "revision" : "c340197966ebd264f3135d3955874b40f8ed58bc"
      }
    },
    {
      "identity" : "version",
      "kind" : "remoteSourceControl",
      "location" : "https://github.com/mxcl/Version",
      "state" : {
        "revision" : "200046c93f6d5d78a6d72bfd9c0b27a95e9c0a2b",
        "version" : "1.2.0"
      }
    }
  ],
  "version" : 2
}
